
Microsoft Visual Studio Solution File, Format Version 12.00
# Visual Studio Version 16
VisualStudioVersion = 16.0.30011.22
MinimumVisualStudioVersion = 10.0.40219.1
Project("{FAE04EC0-301F-11D3-BF4B-00C04F79EFBC}") = "RaceMeet.WebService", "RaceMeet.WebService\RaceMeet.WebService.csproj", "{C5AADBED-32BF-4034-BF9F-681EED62E79E}"
EndProject
Global
	GlobalSection(SolutionConfigurationPlatforms) = preSolution
		Debug|Any CPU = Debug|Any CPU
		Release|Any CPU = Release|Any CPU
	EndGlobalSection
	GlobalSection(ProjectConfigurationPlatforms) = postSolution
		{C5AADBED-32BF-4034-BF9F-681EED62E79E}.Debug|Any CPU.ActiveCfg = Debug|Any CPU
		{C5AADBED-32BF-4034-BF9F-681EED62E79E}.Debug|Any CPU.Build.0 = Debug|Any CPU
		{C5AADBED-32BF-4034-BF9F-681EED62E79E}.Release|Any CPU.ActiveCfg = Release|Any CPU
		{C5AADBED-32BF-4034-BF9F-681EED62E79E}.Release|Any CPU.Build.0 = Release|Any CPU
	EndGlobalSection
	GlobalSection(SolutionProperties) = preSolution
		HideSolutionNode = FALSE
	EndGlobalSection
	GlobalSection(ExtensibilityGlobals) = postSolution
		SolutionGuid = {6173525A-02FB-4E0D-974A-325223FE9B42}
	EndGlobalSection
EndGlobal
